
Microsoft Visual Studio Solution File, Format Version 12.00
# Visual Studio 2012
Project("{FAE04EC0-301F-11D3-BF4B-00C04F79EFBC}") = "IOScollector", "IOScollector\IOScollector.csproj", "{22718C05-8595-4A9E-8B00-73E633B360AF}"
EndProject
Project("{FAE04EC0-301F-11D3-BF4B-00C04F79EFBC}") = "IOScollector.UITests", "IOScollector.UITests\IOScollector.UITests.csproj", "{75B21AEE-6358-40EC-A439-46468878A148}"
EndProject
Global
	GlobalSection(SolutionConfigurationPlatforms) = preSolution
		Debug|iPhoneSimulator = Debug|iPhoneSimulator
		Release|iPhone = Release|iPhone
		Release|iPhoneSimulator = Release|iPhoneSimulator
		Debug|iPhone = Debug|iPhone
		Debug|Any CPU = Debug|Any CPU
		Release|Any CPU = Release|Any CPU
	EndGlobalSection
	GlobalSection(ProjectConfigurationPlatforms) = postSolution
		{22718C05-8595-4A9E-8B00-73E633B360AF}.Debug|Any CPU.ActiveCfg = Debug|iPhoneSimulator
		{22718C05-8595-4A9E-8B00-73E633B360AF}.Debug|Any CPU.Build.0 = Debug|iPhoneSimulator
		{22718C05-8595-4A9E-8B00-73E633B360AF}.Debug|iPhone.ActiveCfg = Debug|iPhone
		{22718C05-8595-4A9E-8B00-73E633B360AF}.Debug|iPhone.Build.0 = Debug|iPhone
		{22718C05-8595-4A9E-8B00-73E633B360AF}.Debug|iPhoneSimulator.ActiveCfg = Debug|iPhoneSimulator
		{22718C05-8595-4A9E-8B00-73E633B360AF}.Debug|iPhoneSimulator.Build.0 = Debug|iPhoneSimulator
		{22718C05-8595-4A9E-8B00-73E633B360AF}.Release|Any CPU.ActiveCfg = Release|iPhone
		{22718C05-8595-4A9E-8B00-73E633B360AF}.Release|Any CPU.Build.0 = Release|iPhone
		{22718C05-8595-4A9E-8B00-73E633B360AF}.Release|iPhone.ActiveCfg = Release|iPhone
		{22718C05-8595-4A9E-8B00-73E633B360AF}.Release|iPhone.Build.0 = Release|iPhone
		{22718C05-8595-4A9E-8B00-73E633B360AF}.Release|iPhoneSimulator.ActiveCfg = Release|iPhoneSimulator
		{22718C05-8595-4A9E-8B00-73E633B360AF}.Release|iPhoneSimulator.Build.0 = Release|iPhoneSimulator
		{75B21AEE-6358-40EC-A439-46468878A148}.Debug|Any CPU.ActiveCfg = Debug|Any CPU
		{75B21AEE-6358-40EC-A439-46468878A148}.Debug|Any CPU.Build.0 = Debug|Any CPU
		{75B21AEE-6358-40EC-A439-46468878A148}.Debug|iPhone.ActiveCfg = Debug|Any CPU
		{75B21AEE-6358-40EC-A439-46468878A148}.Debug|iPhone.Build.0 = Debug|Any CPU
		{75B21AEE-6358-40EC-A439-46468878A148}.Debug|iPhoneSimulator.ActiveCfg = Debug|Any CPU
		{75B21AEE-6358-40EC-A439-46468878A148}.Debug|iPhoneSimulator.Build.0 = Debug|Any CPU
		{75B21AEE-6358-40EC-A439-46468878A148}.Release|Any CPU.ActiveCfg = Release|Any CPU
		{75B21AEE-6358-40EC-A439-46468878A148}.Release|Any CPU.Build.0 = Release|Any CPU
		{75B21AEE-6358-40EC-A439-46468878A148}.Release|iPhone.ActiveCfg = Release|Any CPU
		{75B21AEE-6358-40EC-A439-46468878A148}.Release|iPhone.Build.0 = Release|Any CPU
		{75B21AEE-6358-40EC-A439-46468878A148}.Release|iPhoneSimulator.ActiveCfg = Release|Any CPU
		{75B21AEE-6358-40EC-A439-46468878A148}.Release|iPhoneSimulator.Build.0 = Release|Any CPU
	EndGlobalSection
EndGlobal
